# THIS IS AN AUTOGENERATED FILE. DO NOT EDIT THIS FILE DIRECTLY.
# yarn lockfile v1


"@types/chance@^1.1.3":
  "integrity" "sha512-X6c6ghhe4/sQh4XzcZWSFaTAUOda38GQHmq9BUanYkOE/EO7ZrkazwKmtsj3xzTjkLWmwULE++23g3d3CCWaWw=="
  "resolved" "https://registry.npmjs.org/@types/chance/-/chance-1.1.3.tgz"
  "version" "1.1.3"

"@types/node@^18.15.11":
  "integrity" "sha512-E5Kwq2n4SbMzQOn6wnmBjuK9ouqlURrcZDVfbo9ftDDTFt3nk7ZKK4GMOzoYgnpQJKcxwQw+lGaBvvlMo0qN/Q=="
  "resolved" "https://registry.npmjs.org/@types/node/-/node-18.15.11.tgz"
  "version" "18.15.11"

"chance@^1.1.11":
  "integrity" "sha512-kqTg3WWywappJPqtgrdvbA380VoXO2eu9VCV895JgbyHsaErXdyHK9LOZ911OvAk6L0obK7kDk9CGs8+oBawVA=="
  "resolved" "https://registry.npmjs.org/chance/-/chance-1.1.11.tgz"
  "version" "1.1.11"

"csv-stringify@^6.3.0":
  "integrity" "sha512-kTnnBkkLmAR1G409aUdShppWUClNbBQZXhrKrXzKYBGw4yfROspiFvVmjbKonCrdGfwnqwMXKLQG7ej7K/jwjg=="
  "resolved" "https://registry.npmjs.org/csv-stringify/-/csv-stringify-6.3.0.tgz"
  "version" "6.3.0"

"tsc@^2.0.4":
  "integrity" "sha512-fzoSieZI5KKJVBYGvwbVZs/J5za84f2lSTLPYf6AGiIf43tZ3GNrI1QzTLcjtyDDP4aLxd46RTZq1nQxe7+k5Q=="
  "resolved" "https://registry.npmjs.org/tsc/-/tsc-2.0.4.tgz"
  "version" "2.0.4"

"typescript@^5.0.3":
  "integrity" "sha512-xv8mOEDnigb/tN9PSMTwSEqAnUvkoXMQlicOb0IUVDBSQCgBSaAAROUZYy2IcUy5qU6XajK5jjjO7TMWqBTKZA=="
  "resolved" "https://registry.npmjs.org/typescript/-/typescript-5.0.3.tgz"
  "version" "5.0.3"
